// !$*UTF8*$!
{
	archiveVersion = 1;
	classes = {
	};
	objectVersion = 55;
	objects = {

/* Begin PBXBuildFile section */
		72277E6C288EC80F00D6E8E2 /* AppDelegate.swift in Sources */ = {isa = PBXBuildFile; fileRef = 72277E6B288EC80F00D6E8E2 /* AppDelegate.swift */; };
		72277E6E288EC80F00D6E8E2 /* SceneDelegate.swift in Sources */ = {isa = PBXBuildFile; fileRef = 72277E6D288EC80F00D6E8E2 /* SceneDelegate.swift */; };
		72277E70288EC80F00D6E8E2 /* SingUpVC.swift in Sources */ = {isa = PBXBuildFile; fileRef = 72277E6F288EC80F00D6E8E2 /* SingUpVC.swift */; };
		72277E73288EC80F00D6E8E2 /* Main.storyboard in Resources */ = {isa = PBXBuildFile; fileRef = 72277E71288EC80F00D6E8E2 /* Main.storyboard */; };
		72277E75288EC80F00D6E8E2 /* Assets.xcassets in Resources */ = {isa = PBXBuildFile; fileRef = 72277E74288EC80F00D6E8E2 /* Assets.xcassets */; };
		72277E78288EC80F00D6E8E2 /* LaunchScreen.storyboard in Resources */ = {isa = PBXBuildFile; fileRef = 72277E76288EC80F00D6E8E2 /* LaunchScreen.storyboard */; };
		72277E802893FE9500D6E8E2 /* PlacesVC.swift in Sources */ = {isa = PBXBuildFile; fileRef = 72277E7F2893FE9500D6E8E2 /* PlacesVC.swift */; };
		72277E822894064400D6E8E2 /* AddPlacesVC.swift in Sources */ = {isa = PBXBuildFile; fileRef = 72277E812894064400D6E8E2 /* AddPlacesVC.swift */; };
		72277E84289407A700D6E8E2 /* MapVC.swift in Sources */ = {isa = PBXBuildFile; fileRef = 72277E83289407A700D6E8E2 /* MapVC.swift */; };
		72277E8628940C3F00D6E8E2 /* DetailVC.swift in Sources */ = {isa = PBXBuildFile; fileRef = 72277E8528940C3F00D6E8E2 /* DetailVC.swift */; };
		72277E882897EB5300D6E8E2 /* PlaceModel.swift in Sources */ = {isa = PBXBuildFile; fileRef = 72277E872897EB5300D6E8E2 /* PlaceModel.swift */; };
		F409220E0F3EEC36F6E9F676 /* Pods_ForsquareClone.framework in Frameworks */ = {isa = PBXBuildFile; fileRef = 22BF77C4A5B41DB93A7AEE93 /* Pods_ForsquareClone.framework */; };
/* End PBXBuildFile section */

/* Begin PBXFileReference section */
		22BF77C4A5B41DB93A7AEE93 /* Pods_ForsquareClone.framework */ = {isa = PBXFileReference; explicitFileType = wrapper.framework; includeInIndex = 0; path = Pods_ForsquareClone.framework; sourceTree = BUILT_PRODUCTS_DIR; };
		72277E68288EC80F00D6E8E2 /* ForsquareClone.app */ = {isa = PBXFileReference; explicitFileType = wrapper.application; includeInIndex = 0; path = ForsquareClone.app; sourceTree = BUILT_PRODUCTS_DIR; };
		72277E6B288EC80F00D6E8E2 /* AppDelegate.swift */ = {isa = PBXFileReference; lastKnownFileType = sourcecode.swift; path = AppDelegate.swift; sourceTree = "<group>"; };
		72277E6D288EC80F00D6E8E2 /* SceneDelegate.swift */ = {isa = PBXFileReference; lastKnownFileType = sourcecode.swift; path = SceneDelegate.swift; sourceTree = "<group>"; };
		72277E6F288EC80F00D6E8E2 /* SingUpVC.swift */ = {isa = PBXFileReference; lastKnownFileType = sourcecode.swift; path = SingUpVC.swift; sourceTree = "<group>"; };
		72277E72288EC80F00D6E8E2 /* Base */ = {isa = PBXFileReference; lastKnownFileType = file.storyboard; name = Base; path = Base.lproj/Main.storyboard; sourceTree = "<group>"; };
		72277E74288EC80F00D6E8E2 /* Assets.xcassets */ = {isa = PBXFileReference; lastKnownFileType = folder.assetcatalog; path = Assets.xcassets; sourceTree = "<group>"; };
		72277E77288EC80F00D6E8E2 /* Base */ = {isa = PBXFileReference; lastKnownFileType = file.storyboard; name = Base; path = Base.lproj/LaunchScreen.storyboard; sourceTree = "<group>"; };
		72277E79288EC80F00D6E8E2 /* Info.plist */ = {isa = PBXFileReference; lastKnownFileType = text.plist.xml; path = Info.plist; sourceTree = "<group>"; };
		72277E7F2893FE9500D6E8E2 /* PlacesVC.swift */ = {isa = PBXFileReference; lastKnownFileType = sourcecode.swift; path = PlacesVC.swift; sourceTree = "<group>"; };
		72277E812894064400D6E8E2 /* AddPlacesVC.swift */ = {isa = PBXFileReference; lastKnownFileType = sourcecode.swift; path = AddPlacesVC.swift; sourceTree = "<group>"; };
		72277E83289407A700D6E8E2 /* MapVC.swift */ = {isa = PBXFileReference; lastKnownFileType = sourcecode.swift; path = MapVC.swift; sourceTree = "<group>"; };
		72277E8528940C3F00D6E8E2 /* DetailVC.swift */ = {isa = PBXFileReference; lastKnownFileType = sourcecode.swift; path = DetailVC.swift; sourceTree = "<group>"; };
		72277E872897EB5300D6E8E2 /* PlaceModel.swift */ = {isa = PBXFileReference; lastKnownFileType = sourcecode.swift; path = PlaceModel.swift; sourceTree = "<group>"; };
		A34ED5739BB3AB93FDB4B499 /* Pods-ForsquareClone.debug.xcconfig */ = {isa = PBXFileReference; includeInIndex = 1; lastKnownFileType = text.xcconfig; name = "Pods-ForsquareClone.debug.xcconfig"; path = "Target Support Files/Pods-ForsquareClone/Pods-ForsquareClone.debug.xcconfig"; sourceTree = "<group>"; };
		BFB565BB2D50787FED9C2D5F /* Pods-ForsquareClone.release.xcconfig */ = {isa = PBXFileReference; includeInIndex = 1; lastKnownFileType = text.xcconfig; name = "Pods-ForsquareClone.release.xcconfig"; path = "Target Support Files/Pods-ForsquareClone/Pods-ForsquareClone.release.xcconfig"; sourceTree = "<group>"; };
/* End PBXFileReference section */

/* Begin PBXFrameworksBuildPhase section */
		72277E65288EC80F00D6E8E2 /* Frameworks */ = {
			isa = PBXFrameworksBuildPhase;
			buildActionMask = 2147483647;
			files = (
				F409220E0F3EEC36F6E9F676 /* Pods_ForsquareClone.framework in Frameworks */,
			);
			runOnlyForDeploymentPostprocessing = 0;
		};
/* End PBXFrameworksBuildPhase section */

/* Begin PBXGroup section */
		3073421F8CBB829036A9B7EA /* Frameworks */ = {
			isa = PBXGroup;
			children = (
				22BF77C4A5B41DB93A7AEE93 /* Pods_ForsquareClone.framework */,
			);
			name = Frameworks;
			sourceTree = "<group>";
		};
		72277E5F288EC80E00D6E8E2 = {
			isa = PBXGroup;
			children = (
				72277E6A288EC80F00D6E8E2 /* ForsquareClone */,
				72277E69288EC80F00D6E8E2 /* Products */,
				7CB95391C4046BD0D1B86A31 /* Pods */,
				3073421F8CBB829036A9B7EA /* Frameworks */,
			);
			sourceTree = "<group>";
		};
		72277E69288EC80F00D6E8E2 /* Products */ = {
			isa = PBXGroup;
			children = (
				72277E68288EC80F00D6E8E2 /* ForsquareClone.app */,
			);
			name = Products;
			sourceTree = "<group>";
		};
		72277E6A288EC80F00D6E8E2 /* ForsquareClone */ = {
			isa = PBXGroup;
			children = (
				72277E6B288EC80F00D6E8E2 /* AppDelegate.swift */,
				72277E6D288EC80F00D6E8E2 /* SceneDelegate.swift */,
				72277E6F288EC80F00D6E8E2 /* SingUpVC.swift */,
				72277E7F2893FE9500D6E8E2 /* PlacesVC.swift */,
				72277E812894064400D6E8E2 /* AddPlacesVC.swift */,
				72277E83289407A700D6E8E2 /* MapVC.swift */,
				72277E8528940C3F00D6E8E2 /* DetailVC.swift */,
				72277E872897EB5300D6E8E2 /* PlaceModel.swift */,
				72277E71288EC80F00D6E8E2 /* Main.storyboard */,
				72277E74288EC80F00D6E8E2 /* Assets.xcassets */,
				72277E76288EC80F00D6E8E2 /* LaunchScreen.storyboard */,
				72277E79288EC80F00D6E8E2 /* Info.plist */,
			);
			path = ForsquareClone;
			sourceTree = "<group>";
		};
		7CB95391C4046BD0D1B86A31 /* Pods */ = {
			isa = PBXGroup;
			children = (
				A34ED5739BB3AB93FDB4B499 /* Pods-ForsquareClone.debug.xcconfig */,
				BFB565BB2D50787FED9C2D5F /* Pods-ForsquareClone.release.xcconfig */,
			);
			path = Pods;
			sourceTree = "<group>";
		};
/* End PBXGroup section */

/* Begin PBXNativeTarget section */
		72277E67288EC80F00D6E8E2 /* ForsquareClone */ = {
			isa = PBXNativeTarget;
			buildConfigurationList = 72277E7C288EC80F00D6E8E2 /* Build configuration list for PBXNativeTarget "ForsquareClone" */;
			buildPhases = (
				042070707277810CBE2145DD /* [CP] Check Pods Manifest.lock */,
				72277E64288EC80F00D6E8E2 /* Sources */,
				72277E65288EC80F00D6E8E2 /* Frameworks */,
				72277E66288EC80F00D6E8E2 /* Resources */,
				E78CA65EA556EEE08A5A0921 /* [CP] Embed Pods Frameworks */,
			);
			buildRules = (
			);
			dependencies = (
			);
			name = ForsquareClone;
			productName = ForsquareClone;
			productReference = 72277E68288EC80F00D6E8E2 /* ForsquareClone.app */;
			productType = "com.apple.product-type.application";
		};
/* End PBXNativeTarget section */

/* Begin PBXProject section */
		72277E60288EC80E00D6E8E2 /* Project object */ = {
			isa = PBXProject;
			attributes = {
				BuildIndependentTargetsInParallel = 1;
				LastSwiftUpdateCheck = 1340;
				LastUpgradeCheck = 1340;
				TargetAttributes = {
					72277E67288EC80F00D6E8E2 = {
						CreatedOnToolsVersion = 13.4.1;
					};
				};
			};
			buildConfigurationList = 72277E63288EC80E00D6E8E2 /* Build configuration list for PBXProject "ForsquareClone" */;
			compatibilityVersion = "Xcode 13.0";
			developmentRegion = en;
			hasScannedForEncodings = 0;
			knownRegions = (
				en,
				Base,
			);
			mainGroup = 72277E5F288EC80E00D6E8E2;
			productRefGroup = 72277E69288EC80F00D6E8E2 /* Products */;
			projectDirPath = "";
			projectRoot = "";
			targets = (
				72277E67288EC80F00D6E8E2 /* ForsquareClone */,
			);
		};
/* End PBXProject section */

/* Begin PBXResourcesBuildPhase section */
		72277E66288EC80F00D6E8E2 /* Resources */ = {
			isa = PBXResourcesBuildPhase;
			buildActionMask = 2147483647;
			files = (
				72277E78288EC80F00D6E8E2 /* LaunchScreen.storyboard in Resources */,
				72277E75288EC80F00D6E8E2 /* Assets.xcassets in Resources */,
				72277E73288EC80F00D6E8E2 /* Main.storyboard in Resources */,
			);
			runOnlyForDeploymentPostprocessing = 0;
		};
/* End PBXResourcesBuildPhase section */

/* Begin PBXShellScriptBuildPhase section */
		042070707277810CBE2145DD /* [CP] Check Pods Manifest.lock */ = {
			isa = PBXShellScriptBuildPhase;
			buildActionMask = 2147483647;
			files = (
			);
			inputFileListPaths = (
			);
			inputPaths = (
				"${PODS_PODFILE_DIR_PATH}/Podfile.lock",
				"${PODS_ROOT}/Manifest.lock",
			);
			name = "[CP] Check Pods Manifest.lock";
			outputFileListPaths = (
			);
			outputPaths = (
				"$(DERIVED_FILE_DIR)/Pods-ForsquareClone-checkManifestLockResult.txt",
			);
			runOnlyForDeploymentPostprocessing = 0;
			shellPath = /bin/sh;
			shellScript = "diff \"${PODS_PODFILE_DIR_PATH}/Podfile.lock\" \"${PODS_ROOT}/Manifest.lock\" > /dev/null\nif [ $? != 0 ] ; then\n    # print error to STDERR\n    echo \"error: The sandbox is not in sync with the Podfile.lock. Run 'pod install' or update your CocoaPods installation.\" >&2\n    exit 1\nfi\n# This output is used by Xcode 'outputs' to avoid re-running this script phase.\necho \"SUCCESS\" > \"${SCRIPT_OUTPUT_FILE_0}\"\n";
			showEnvVarsInLog = 0;
		};
		E78CA65EA556EEE08A5A0921 /* [CP] Embed Pods Frameworks */ = {
			isa = PBXShellScriptBuildPhase;
			buildActionMask = 2147483647;
			files = (
			);
			inputFileListPaths = (
				"${PODS_ROOT}/Target Support Files/Pods-ForsquareClone/Pods-ForsquareClone-frameworks-${CONFIGURATION}-input-files.xcfilelist",
			);
			name = "[CP] Embed Pods Frameworks";
			outputFileListPaths = (
				"${PODS_ROOT}/Target Support Files/Pods-ForsquareClone/Pods-ForsquareClone-frameworks-${CONFIGURATION}-output-files.xcfilelist",
			);
			runOnlyForDeploymentPostprocessing = 0;
			shellPath = /bin/sh;
			shellScript = "\"${PODS_ROOT}/Target Support Files/Pods-ForsquareClone/Pods-ForsquareClone-frameworks.sh\"\n";
			showEnvVarsInLog = 0;
		};
/* End PBXShellScriptBuildPhase section */

/* Begin PBXSourcesBuildPhase section */
		72277E64288EC80F00D6E8E2 /* Sources */ = {
			isa = PBXSourcesBuildPhase;
			buildActionMask = 2147483647;
			files = (
				72277E70288EC80F00D6E8E2 /* SingUpVC.swift in Sources */,
				72277E882897EB5300D6E8E2 /* PlaceModel.swift in Sources */,
				72277E84289407A700D6E8E2 /* MapVC.swift in Sources */,
				72277E6C288EC80F00D6E8E2 /* AppDelegate.swift in Sources */,
				72277E822894064400D6E8E2 /* AddPlacesVC.swift in Sources */,
				72277E802893FE9500D6E8E2 /* PlacesVC.swift in Sources */,
				72277E6E288EC80F00D6E8E2 /* SceneDelegate.swift in Sources */,
				72277E8628940C3F00D6E8E2 /* DetailVC.swift in Sources */,
			);
			runOnlyForDeploymentPostprocessing = 0;
		};
/* End PBXSourcesBuildPhase section */

/* Begin PBXVariantGroup section */
		72277E71288EC80F00D6E8E2 /* Main.storyboard */ = {
			isa = PBXVariantGroup;
			children = (
				72277E72288EC80F00D6E8E2 /* Base */,
			);
			name = Main.storyboard;
			sourceTree = "<group>";
		};
		72277E76288EC80F00D6E8E2 /* LaunchScreen.storyboard */ = {
			isa = PBXVariantGroup;
			children = (
				72277E77288EC80F00D6E8E2 /* Base */,
			);
			name = LaunchScreen.storyboard;
			sourceTree = "<group>";
		};
/* End PBXVariantGroup section */

/* Begin XCBuildConfiguration section */
		72277E7A288EC80F00D6E8E2 /* Debug */ = {
			isa = XCBuildConfiguration;
			buildSettings = {
				ALWAYS_SEARCH_USER_PATHS = NO;
				CLANG_ANALYZER_NONNULL = YES;
				CLANG_ANALYZER_NUMBER_OBJECT_CONVERSION = YES_AGGRESSIVE;
				CLANG_CXX_LANGUAGE_STANDARD = "gnu++17";
				CLANG_ENABLE_MODULES = YES;
				CLANG_ENABLE_OBJC_ARC = YES;
				CLANG_ENABLE_OBJC_WEAK = YES;
				CLANG_WARN_BLOCK_CAPTURE_AUTORELEASING = YES;
				CLANG_WARN_BOOL_CONVERSION = YES;
				CLANG_WARN_COMMA = YES;
				CLANG_WARN_CONSTANT_CONVERSION = YES;
				CLANG_WARN_DEPRECATED_OBJC_IMPLEMENTATIONS = YES;
				CLANG_WARN_DIRECT_OBJC_ISA_USAGE = YES_ERROR;
				CLANG_WARN_DOCUMENTATION_COMMENTS = YES;
				CLANG_WARN_EMPTY_BODY = YES;
				CLANG_WARN_ENUM_CONVERSION = YES;
				CLANG_WARN_INFINITE_RECURSION = YES;
				CLANG_WARN_INT_CONVERSION = YES;
				CLANG_WARN_NON_LITERAL_NULL_CONVERSION = YES;
				CLANG_WARN_OBJC_IMPLICIT_RETAIN_SELF = YES;
				CLANG_WARN_OBJC_LITERAL_CONVERSION = YES;
				CLANG_WARN_OBJC_ROOT_CLASS = YES_ERROR;
				CLANG_WARN_QUOTED_INCLUDE_IN_FRAMEWORK_HEADER = YES;
				CLANG_WARN_RANGE_LOOP_ANALYSIS = YES;
				CLANG_WARN_STRICT_PROTOTYPES = YES;
				CLANG_WARN_SUSPICIOUS_MOVE = YES;
				CLANG_WARN_UNGUARDED_AVAILABILITY = YES_AGGRESSIVE;
				CLANG_WARN_UNREACHABLE_CODE = YES;
				CLANG_WARN__DUPLICATE_METHOD_MATCH = YES;
				COPY_PHASE_STRIP = NO;
				DEBUG_INFORMATION_FORMAT = dwarf;
				ENABLE_STRICT_OBJC_MSGSEND = YES;
				ENABLE_TESTABILITY = YES;
				GCC_C_LANGUAGE_STANDARD = gnu11;
				GCC_DYNAMIC_NO_PIC = NO;
				GCC_NO_COMMON_BLOCKS = YES;
				GCC_OPTIMIZATION_LEVEL = 0;
				GCC_PREPROCESSOR_DEFINITIONS = (
					"DEBUG=1",
					"$(inherited)",
				);
				GCC_WARN_64_TO_32_BIT_CONVERSION = YES;
				GCC_WARN_ABOUT_RETURN_TYPE = YES_ERROR;
				GCC_WARN_UNDECLARED_SELECTOR = YES;
				GCC_WARN_UNINITIALIZED_AUTOS = YES_AGGRESSIVE;
				GCC_WARN_UNUSED_FUNCTION = YES;
				GCC_WARN_UNUSED_VARIABLE = YES;
				IPHONEOS_DEPLOYMENT_TARGET = 15.5;
				MTL_ENABLE_DEBUG_INFO = INCLUDE_SOURCE;
				MTL_FAST_MATH = YES;
				ONLY_ACTIVE_ARCH = YES;
				SDKROOT = iphoneos;
				SWIFT_ACTIVE_COMPILATION_CONDITIONS = DEBUG;
				SWIFT_OPTIMIZATION_LEVEL = "-Onone";
			};
			name = Debug;
		};
		72277E7B288EC80F00D6E8E2 /* Release */ = {
			isa = XCBuildConfiguration;
			buildSettings = {
				ALWAYS_SEARCH_USER_PATHS = NO;
				CLANG_ANALYZER_NONNULL = YES;
				CLANG_ANALYZER_NUMBER_OBJECT_CONVERSION = YES_AGGRESSIVE;
				CLANG_CXX_LANGUAGE_STANDARD = "gnu++17";
				CLANG_ENABLE_MODULES = YES;
				CLANG_ENABLE_OBJC_ARC = YES;
				CLANG_ENABLE_OBJC_WEAK = YES;
				CLANG_WARN_BLOCK_CAPTURE_AUTORELEASING = YES;
				CLANG_WARN_BOOL_CONVERSION = YES;
				CLANG_WARN_COMMA = YES;
				CLANG_WARN_CONSTANT_CONVERSION = YES;
				CLANG_WARN_DEPRECATED_OBJC_IMPLEMENTATIONS = YES;
				CLANG_WARN_DIRECT_OBJC_ISA_USAGE = YES_ERROR;
				CLANG_WARN_DOCUMENTATION_COMMENTS = YES;
				CLANG_WARN_EMPTY_BODY = YES;
				CLANG_WARN_ENUM_CONVERSION = YES;
				CLANG_WARN_INFINITE_RECURSION = YES;
				CLANG_WARN_INT_CONVERSION = YES;
				CLANG_WARN_NON_LITERAL_NULL_CONVERSION = YES;
				CLANG_WARN_OBJC_IMPLICIT_RETAIN_SELF = YES;
				CLANG_WARN_OBJC_LITERAL_CONVERSION = YES;
				CLANG_WARN_OBJC_ROOT_CLASS = YES_ERROR;
				CLANG_WARN_QUOTED_INCLUDE_IN_FRAMEWORK_HEADER = YES;
				CLANG_WARN_RANGE_LOOP_ANALYSIS = YES;
				CLANG_WARN_STRICT_PROTOTYPES = YES;
				CLANG_WARN_SUSPICIOUS_MOVE = YES;
				CLANG_WARN_UNGUARDED_AVAILABILITY = YES_AGGRESSIVE;
				CLANG_WARN_UNREACHABLE_CODE = YES;
				CLANG_WARN__DUPLICATE_METHOD_MATCH = YES;
				COPY_PHASE_STRIP = NO;
				DEBUG_INFORMATION_FORMAT = "dwarf-with-dsym";
				ENABLE_NS_ASSERTIONS = NO;
				ENABLE_STRICT_OBJC_MSGSEND = YES;
				GCC_C_LANGUAGE_STANDARD = gnu11;
				GCC_NO_COMMON_BLOCKS = YES;
				GCC_WARN_64_TO_32_BIT_CONVERSION = YES;
				GCC_WARN_ABOUT_RETURN_TYPE = YES_ERROR;
				GCC_WARN_UNDECLARED_SELECTOR = YES;
				GCC_WARN_UNINITIALIZED_AUTOS = YES_AGGRESSIVE;
				GCC_WARN_UNUSED_FUNCTION = YES;
				GCC_WARN_UNUSED_VARIABLE = YES;
				IPHONEOS_DEPLOYMENT_TARGET = 15.5;
				MTL_ENABLE_DEBUG_INFO = NO;
				MTL_FAST_MATH = YES;
				SDKROOT = iphoneos;
				SWIFT_COMPILATION_MODE = wholemodule;
				SWIFT_OPTIMIZATION_LEVEL = "-O";
				VALIDATE_PRODUCT = YES;
			};
			name = Release;
		};
		72277E7D288EC80F00D6E8E2 /* Debug */ = {
			isa = XCBuildConfiguration;
			baseConfigurationReference = A34ED5739BB3AB93FDB4B499 /* Pods-ForsquareClone.debug.xcconfig */;
			buildSettings = {
				ASSETCATALOG_COMPILER_APPICON_NAME = AppIcon;
				ASSETCATALOG_COMPILER_GLOBAL_ACCENT_COLOR_NAME = AccentColor;
				CODE_SIGN_STYLE = Automatic;
				CURRENT_PROJECT_VERSION = 1;
				DEVELOPMENT_TEAM = V352KC79H8;
				GENERATE_INFOPLIST_FILE = YES;
				INFOPLIST_FILE = ForsquareClone/Info.plist;
				INFOPLIST_KEY_UIApplicationSupportsIndirectInputEvents = YES;
				INFOPLIST_KEY_UILaunchStoryboardName = LaunchScreen;
				INFOPLIST_KEY_UIMainStoryboardFile = Main;
				INFOPLIST_KEY_UISupportedInterfaceOrientations_iPad = "UIInterfaceOrientationPortrait UIInterfaceOrientationPortraitUpsideDown UIInterfaceOrientationLandscapeLeft UIInterfaceOrientationLandscapeRight";
				INFOPLIST_KEY_UISupportedInterfaceOrientations_iPhone = "UIInterfaceOrientationPortrait UIInterfaceOrientationLandscapeLeft UIInterfaceOrientationLandscapeRight";
				LD_RUNPATH_SEARCH_PATHS = (
					"$(inherited)",
					"@executable_path/Frameworks",
				);
				MARKETING_VERSION = 1.0;
				PRODUCT_BUNDLE_IDENTIFIER = com.zeynepOzdemirAcikgoz.ForsquareClone;
				PRODUCT_NAME = "$(TARGET_NAME)";
				SWIFT_EMIT_LOC_STRINGS = YES;
				SWIFT_VERSION = 5.0;
				TARGETED_DEVICE_FAMILY = "1,2";
			};
			name = Debug;
		};
		72277E7E288EC80F00D6E8E2 /* Release */ = {
			isa = XCBuildConfiguration;
			baseConfigurationReference = BFB565BB2D50787FED9C2D5F /* Pods-ForsquareClone.release.xcconfig */;
			buildSettings = {
				ASSETCATALOG_COMPILER_APPICON_NAME = AppIcon;
				ASSETCATALOG_COMPILER_GLOBAL_ACCENT_COLOR_NAME = AccentColor;
				CODE_SIGN_STYLE = Automatic;
				CURRENT_PROJECT_VERSION = 1;
				DEVELOPMENT_TEAM = V352KC79H8;
				GENERATE_INFOPLIST_FILE = YES;
				INFOPLIST_FILE = ForsquareClone/Info.plist;
				INFOPLIST_KEY_UIApplicationSupportsIndirectInputEvents = YES;
				INFOPLIST_KEY_UILaunchStoryboardName = LaunchScreen;
				INFOPLIST_KEY_UIMainStoryboardFile = Main;
				INFOPLIST_KEY_UISupportedInterfaceOrientations_iPad = "UIInterfaceOrientationPortrait UIInterfaceOrientationPortraitUpsideDown UIInterfaceOrientationLandscapeLeft UIInterfaceOrientationLandscapeRight";
				INFOPLIST_KEY_UISupportedInterfaceOrientations_iPhone = "UIInterfaceOrientationPortrait UIInterfaceOrientationLandscapeLeft UIInterfaceOrientationLandscapeRight";
				LD_RUNPATH_SEARCH_PATHS = (
					"$(inherited)",
					"@executable_path/Frameworks",
				);
				MARKETING_VERSION = 1.0;
				PRODUCT_BUNDLE_IDENTIFIER = com.zeynepOzdemirAcikgoz.ForsquareClone;
				PRODUCT_NAME = "$(TARGET_NAME)";
				SWIFT_EMIT_LOC_STRINGS = YES;
				SWIFT_VERSION = 5.0;
				TARGETED_DEVICE_FAMILY = "1,2";
			};
			name = Release;
		};
/* End XCBuildConfiguration section */

/* Begin XCConfigurationList section */
		72277E63288EC80E00D6E8E2 /* Build configuration list for PBXProject "ForsquareClone" */ = {
			isa = XCConfigurationList;
			buildConfigurations = (
				72277E7A288EC80F00D6E8E2 /* Debug */,
				72277E7B288EC80F00D6E8E2 /* Release */,
			);
			defaultConfigurationIsVisible = 0;
			defaultConfigurationName = Release;
		};
		72277E7C288EC80F00D6E8E2 /* Build configuration list for PBXNativeTarget "ForsquareClone" */ = {
			isa = XCConfigurationList;
			buildConfigurations = (
				72277E7D288EC80F00D6E8E2 /* Debug */,
				72277E7E288EC80F00D6E8E2 /* Release */,
			);
			defaultConfigurationIsVisible = 0;
			defaultConfigurationName = Release;
		};
/* End XCConfigurationList section */
	};
	rootObject = 72277E60288EC80E00D6E8E2 /* Project object */;
}
